// !$*UTF8*$!
{
	archiveVersion = 1;
	classes = {
	};
	objectVersion = 48;
	objects = {

/* Begin PBXBuildFile section */
		834C33611FC412D200F4E503 /* XUIControl.m in Sources */ = {isa = PBXBuildFile; fileRef = 834C32A31FC412D200F4E503 /* XUIControl.m */; };
		834C33621FC412D200F4E503 /* BLineView.m in Sources */ = {isa = PBXBuildFile; fileRef = 834C32A41FC412D200F4E503 /* BLineView.m */; };
		834C33631FC412D200F4E503 /* UIPopoverCustomBackgroundView.m in Sources */ = {isa = PBXBuildFile; fileRef = 834C32A71FC412D200F4E503 /* UIPopoverCustomBackgroundView.m */; };
		834C33641FC412D200F4E503 /* XUILabel.m in Sources */ = {isa = PBXBuildFile; fileRef = 834C32A91FC412D200F4E503 /* XUILabel.m */; };
		834C33651FC412D200F4E503 /* BPhotoScrollView.m in Sources */ = {isa = PBXBuildFile; fileRef = 834C32AC1FC412D200F4E503 /* BPhotoScrollView.m */; };
		834C33661FC412D200F4E503 /* XUIView.m in Sources */ = {isa = PBXBuildFile; fileRef = 834C32B11FC412D200F4E503 /* XUIView.m */; };
		834C33671FC412D200F4E503 /* VTabBarView.m in Sources */ = {isa = PBXBuildFile; fileRef = 834C32B31FC412D200F4E503 /* VTabBarView.m */; };
		834C33681FC412D200F4E503 /* BImageView.m in Sources */ = {isa = PBXBuildFile; fileRef = 834C32B41FC412D200F4E503 /* BImageView.m */; };
		834C33691FC412D200F4E503 /* BToolBar.m in Sources */ = {isa = PBXBuildFile; fileRef = 834C32B51FC412D200F4E503 /* BToolBar.m */; };
		834C336A1FC412D200F4E503 /* XUIWebView.m in Sources */ = {isa = PBXBuildFile; fileRef = 834C32B81FC412D200F4E503 /* XUIWebView.m */; };
		834C336B1FC412D200F4E503 /* BDropTitleView.m in Sources */ = {isa = PBXBuildFile; fileRef = 834C32B91FC412D200F4E503 /* BDropTitleView.m */; };
		834C336C1FC412D200F4E503 /* BDropMenu.m in Sources */ = {isa = PBXBuildFile; fileRef = 834C32BA1FC412D200F4E503 /* BDropMenu.m */; };
		834C336D1FC412D200F4E503 /* XScrollView.m in Sources */ = {isa = PBXBuildFile; fileRef = 834C32BD1FC412D200F4E503 /* XScrollView.m */; };
		834C336E1FC412D200F4E503 /* BProgressBar.m in Sources */ = {isa = PBXBuildFile; fileRef = 834C32C01FC412D200F4E503 /* BProgressBar.m */; };
		834C336F1FC412D200F4E503 /* BIndicator.m in Sources */ = {isa = PBXBuildFile; fileRef = 834C32C11FC412D200F4E503 /* BIndicator.m */; };
		834C33701FC412D200F4E503 /* TableCell.m in Sources */ = {isa = PBXBuildFile; fileRef = 834C32C31FC412D200F4E503 /* TableCell.m */; };
		834C33711FC412D200F4E503 /* HTabBarView.m in Sources */ = {isa = PBXBuildFile; fileRef = 834C32C41FC412D200F4E503 /* HTabBarView.m */; };
		834C33721FC412D200F4E503 /* UIButton+x.m in Sources */ = {isa = PBXBuildFile; fileRef = 834C32C51FC412D200F4E503 /* UIButton+x.m */; };
		834C33731FC412D200F4E503 /* TableView.m in Sources */ = {isa = PBXBuildFile; fileRef = 834C32C61FC412D200F4E503 /* TableView.m */; };
		834C33741FC412D200F4E503 /* XUIImageView.m in Sources */ = {isa = PBXBuildFile; fileRef = 834C32C91FC412D200F4E503 /* XUIImageView.m */; };
		834C33751FC412D200F4E503 /* BApi.m in Sources */ = {isa = PBXBuildFile; fileRef = 834C32CD1FC412D200F4E503 /* BApi.m */; };
		834C33761FC412D200F4E503 /* AppContext.m in Sources */ = {isa = PBXBuildFile; fileRef = 834C32D51FC412D200F4E503 /* AppContext.m */; };
		834C33771FC412D200F4E503 /* Device.m in Sources */ = {isa = PBXBuildFile; fileRef = 834C32D61FC412D200F4E503 /* Device.m */; };
		834C33781FC412D200F4E503 /* Global.m in Sources */ = {isa = PBXBuildFile; fileRef = 834C32D71FC412D200F4E503 /* Global.m */; };
		834C33791FC412D200F4E503 /* AppBaseDelegate.m in Sources */ = {isa = PBXBuildFile; fileRef = 834C32D81FC412D200F4E503 /* AppBaseDelegate.m */; };
		834C337A1FC412D200F4E503 /* CacheURLProtocol.m in Sources */ = {isa = PBXBuildFile; fileRef = 834C32DD1FC412D200F4E503 /* CacheURLProtocol.m */; };
		834C337B1FC412D200F4E503 /* Base64.m in Sources */ = {isa = PBXBuildFile; fileRef = 834C32DE1FC412D200F4E503 /* Base64.m */; };
		834C337C1FC412D200F4E503 /* Group.m in Sources */ = {isa = PBXBuildFile; fileRef = 834C32E21FC412D200F4E503 /* Group.m */; };
		834C337D1FC412D200F4E503 /* BEnumerator.m in Sources */ = {isa = PBXBuildFile; fileRef = 834C32E51FC412D200F4E503 /* BEnumerator.m */; };
		834C337E1FC412D200F4E503 /* NetChecker.m in Sources */ = {isa = PBXBuildFile; fileRef = 834C32E81FC412D200F4E503 /* NetChecker.m */; };
		834C337F1FC412D200F4E503 /* BQueue.m in Sources */ = {isa = PBXBuildFile; fileRef = 834C32EB1FC412D200F4E503 /* BQueue.m */; };
		834C33801FC412D200F4E503 /* Dao.m in Sources */ = {isa = PBXBuildFile; fileRef = 834C32EC1FC412D200F4E503 /* Dao.m */; };
		834C33811FC412D200F4E503 /* DBCache.m in Sources */ = {isa = PBXBuildFile; fileRef = 834C32F01FC412D200F4E503 /* DBCache.m */; };
		834C33821FC412D200F4E503 /* Utils.m in Sources */ = {isa = PBXBuildFile; fileRef = 834C32F51FC412D200F4E503 /* Utils.m */; };
		834C33831FC412D200F4E503 /* pinyin.c in Sources */ = {isa = PBXBuildFile; fileRef = 834C32F61FC412D200F4E503 /* pinyin.c */; };
		834C33841FC412D200F4E503 /* UIUtils.m in Sources */ = {isa = PBXBuildFile; fileRef = 834C32F71FC412D200F4E503 /* UIUtils.m */; };
		834C33851FC412D200F4E503 /* UINavigationController+x.m in Sources */ = {isa = PBXBuildFile; fileRef = 834C32FB1FC412D200F4E503 /* UINavigationController+x.m */; };
		834C33861FC412D200F4E503 /* BaseTableViewController.m in Sources */ = {isa = PBXBuildFile; fileRef = 834C32FD1FC412D200F4E503 /* BaseTableViewController.m */; };
		834C33871FC412D200F4E503 /* BaseViewController.m in Sources */ = {isa = PBXBuildFile; fileRef = 834C32FE1FC412D200F4E503 /* BaseViewController.m */; };
		834C33881FC412D200F4E503 /* SettingBaseViewController.m in Sources */ = {isa = PBXBuildFile; fileRef = 834C32FF1FC412D200F4E503 /* SettingBaseViewController.m */; };
		834C33891FC412D200F4E503 /* XUIViewController.m in Sources */ = {isa = PBXBuildFile; fileRef = 834C33001FC412D200F4E503 /* XUIViewController.m */; };
		834C338A1FC412D200F4E503 /* BrowserController.m in Sources */ = {isa = PBXBuildFile; fileRef = 834C33011FC412D200F4E503 /* BrowserController.m */; };
		834C338B1FC412D200F4E503 /* UIViewController+x.m in Sources */ = {isa = PBXBuildFile; fileRef = 834C33021FC412D200F4E503 /* UIViewController+x.m */; };
		834C338C1FC412D200F4E503 /* TabBarMoreViewController.m in Sources */ = {isa = PBXBuildFile; fileRef = 834C33051FC412D200F4E503 /* TabBarMoreViewController.m */; };
		834C338D1FC412D200F4E503 /* BCalloutMapAnnotationView.m in Sources */ = {isa = PBXBuildFile; fileRef = 834C330D1FC412D200F4E503 /* BCalloutMapAnnotationView.m */; };
		834C338E1FC412D200F4E503 /* BMapLocation.m in Sources */ = {isa = PBXBuildFile; fileRef = 834C330E1FC412D200F4E503 /* BMapLocation.m */; };
		834C338F1FC412D200F4E503 /* BMapPlace.m in Sources */ = {isa = PBXBuildFile; fileRef = 834C330F1FC412D200F4E503 /* BMapPlace.m */; };
		834C33901FC412D200F4E503 /* CalloutMapAnnotationView.m in Sources */ = {isa = PBXBuildFile; fileRef = 834C33131FC412D200F4E503 /* CalloutMapAnnotationView.m */; };
		834C33911FC412D200F4E503 /* MKMapView+x.m in Sources */ = {isa = PBXBuildFile; fileRef = 834C33161FC412D200F4E503 /* MKMapView+x.m */; };
		834C33921FC412D200F4E503 /* BMapAnnotation.m in Sources */ = {isa = PBXBuildFile; fileRef = 834C33171FC412D200F4E503 /* BMapAnnotation.m */; };
		834C33931FC412D200F4E503 /* GString.m in Sources */ = {isa = PBXBuildFile; fileRef = 834C331B1FC412D200F4E503 /* GString.m */; };
		834C33941FC412D200F4E503 /* Theme.m in Sources */ = {isa = PBXBuildFile; fileRef = 834C331E1FC412D200F4E503 /* Theme.m */; };
		834C33951FC412D200F4E503 /* Model.m in Sources */ = {isa = PBXBuildFile; fileRef = 834C33221FC412D200F4E503 /* Model.m */; };
		834C33961FC412D200F4E503 /* Application.m in Sources */ = {isa = PBXBuildFile; fileRef = 834C33251FC412D200F4E503 /* Application.m */; };
		834C33971FC412D200F4E503 /* BUser.m in Sources */ = {isa = PBXBuildFile; fileRef = 834C33281FC412D200F4E503 /* BUser.m */; };
		834C33981FC412D200F4E503 /* UIColor+x.m in Sources */ = {isa = PBXBuildFile; fileRef = 834C332E1FC412D200F4E503 /* UIColor+x.m */; };
		834C33991FC412D200F4E503 /* NSDictionary+x.m in Sources */ = {isa = PBXBuildFile; fileRef = 834C33331FC412D200F4E503 /* NSDictionary+x.m */; };
		834C339A1FC412D200F4E503 /* UIActionSheet+x.m in Sources */ = {isa = PBXBuildFile; fileRef = 834C33341FC412D200F4E503 /* UIActionSheet+x.m */; };
		834C339B1FC412D200F4E503 /* NSString+x.m in Sources */ = {isa = PBXBuildFile; fileRef = 834C33351FC412D200F4E503 /* NSString+x.m */; };
		834C339C1FC412D200F4E503 /* NSThread+x.m in Sources */ = {isa = PBXBuildFile; fileRef = 834C33361FC412D200F4E503 /* NSThread+x.m */; };
		834C339D1FC412D200F4E503 /* UIImage+x.m in Sources */ = {isa = PBXBuildFile; fileRef = 834C33381FC412D200F4E503 /* UIImage+x.m */; };
		834C339E1FC412D200F4E503 /* UIImageView+cache.m in Sources */ = {isa = PBXBuildFile; fileRef = 834C333C1FC412D200F4E503 /* UIImageView+cache.m */; };
		834C339F1FC412D200F4E503 /* NSURLSessionTask+x.m in Sources */ = {isa = PBXBuildFile; fileRef = 834C333D1FC412D200F4E503 /* NSURLSessionTask+x.m */; };
		834C33A01FC412D200F4E503 /* NSNull+x.m in Sources */ = {isa = PBXBuildFile; fileRef = 834C333F1FC412D200F4E503 /* NSNull+x.m */; };
		834C33A11FC412D200F4E503 /* NSDate+x.m in Sources */ = {isa = PBXBuildFile; fileRef = 834C33401FC412D200F4E503 /* NSDate+x.m */; };
		834C33A21FC412D200F4E503 /* UIWebView+x.m in Sources */ = {isa = PBXBuildFile; fileRef = 834C33411FC412D200F4E503 /* UIWebView+x.m */; };
		834C33A31FC412D200F4E503 /* UIImagePickerController+camera.m in Sources */ = {isa = PBXBuildFile; fileRef = 834C33441FC412D200F4E503 /* UIImagePickerController+camera.m */; };
		834C33A41FC412D200F4E503 /* NSData+x.m in Sources */ = {isa = PBXBuildFile; fileRef = 834C33461FC412D200F4E503 /* NSData+x.m */; };
		834C33A51FC412D200F4E503 /* UIWindow+x.m in Sources */ = {isa = PBXBuildFile; fileRef = 834C33471FC412D200F4E503 /* UIWindow+x.m */; };
		834C33A61FC412D200F4E503 /* UITabBarController+x.m in Sources */ = {isa = PBXBuildFile; fileRef = 834C33481FC412D200F4E503 /* UITabBarController+x.m */; };
		834C33A71FC412D200F4E503 /* NSArray+x.m in Sources */ = {isa = PBXBuildFile; fileRef = 834C33491FC412D200F4E503 /* NSArray+x.m */; };
		834C33A81FC412D200F4E503 /* UINavigationBar+x.m in Sources */ = {isa = PBXBuildFile; fileRef = 834C334B1FC412D200F4E503 /* UINavigationBar+x.m */; };
		834C33A91FC412D200F4E503 /* NSMutableData+x.m in Sources */ = {isa = PBXBuildFile; fileRef = 834C334F1FC412D200F4E503 /* NSMutableData+x.m */; };
		834C33AA1FC412D200F4E503 /* BehaviorTracker.m in Sources */ = {isa = PBXBuildFile; fileRef = 834C33521FC412D200F4E503 /* BehaviorTracker.m */; };
		834C33AB1FC412D200F4E503 /* BHttpRequestManager.m in Sources */ = {isa = PBXBuildFile; fileRef = 834C33561FC412D200F4E503 /* BHttpRequestManager.m */; };
		834C33AC1FC412D200F4E503 /* BHttpRequestOperation.m in Sources */ = {isa = PBXBuildFile; fileRef = 834C33571FC412D200F4E503 /* BHttpRequestOperation.m */; };
		834C33AD1FC412D200F4E503 /* HttpResponse.m in Sources */ = {isa = PBXBuildFile; fileRef = 834C33581FC412D200F4E503 /* HttpResponse.m */; };
		834C33AE1FC412D200F4E503 /* BHttpRequestQueue.m in Sources */ = {isa = PBXBuildFile; fileRef = 834C335A1FC412D200F4E503 /* BHttpRequestQueue.m */; };
		834C33AF1FC412D200F4E503 /* BHttpRequestManager+Deprecated.m in Sources */ = {isa = PBXBuildFile; fileRef = 834C335C1FC412D200F4E503 /* BHttpRequestManager+Deprecated.m */; };
		834C33B01FC412D200F4E503 /* BHttpRequestCacheHandler.m in Sources */ = {isa = PBXBuildFile; fileRef = 834C335E1FC412D200F4E503 /* BHttpRequestCacheHandler.m */; };
		83F074A71FC4009100E6CA23 /* BKKit.m in Sources */ = {isa = PBXBuildFile; fileRef = 83F074A61FC4009100E6CA23 /* BKKit.m */; };
		83F074A81FC4009100E6CA23 /* BKKit.h in CopyFiles */ = {isa = PBXBuildFile; fileRef = 83F074A51FC4009100E6CA23 /* BKKit.h */; };
		BBDE25DD90F314FEC1F0283B /* libPods-BKKit.a in Frameworks */ = {isa = PBXBuildFile; fileRef = C2737C55DC4AD284A5ED3888 /* libPods-BKKit.a */; };
/* End PBXBuildFile section */

/* Begin PBXCopyFilesBuildPhase section */
		83F074A01FC4009100E6CA23 /* CopyFiles */ = {
			isa = PBXCopyFilesBuildPhase;
			buildActionMask = 2147483647;
			dstPath = "include/$(PRODUCT_NAME)";
			dstSubfolderSpec = 16;
			files = (
				83F074A81FC4009100E6CA23 /* BKKit.h in CopyFiles */,
			);
			runOnlyForDeploymentPostprocessing = 0;
		};
/* End PBXCopyFilesBuildPhase section */

/* Begin PBXFileReference section */
		2E400F526385A286E8582A38 /* Pods-BKKit.debug.xcconfig */ = {isa = PBXFileReference; includeInIndex = 1; lastKnownFileType = text.xcconfig; name = "Pods-BKKit.debug.xcconfig"; path = "Pods/Target Support Files/Pods-BKKit/Pods-BKKit.debug.xcconfig"; sourceTree = "<group>"; };
		834C32A31FC412D200F4E503 /* XUIControl.m */ = {isa = PBXFileReference; fileEncoding = 4; lastKnownFileType = sourcecode.c.objc; path = XUIControl.m; sourceTree = "<group>"; };
		834C32A41FC412D200F4E503 /* BLineView.m */ = {isa = PBXFileReference; fileEncoding = 4; lastKnownFileType = sourcecode.c.objc; path = BLineView.m; sourceTree = "<group>"; };
		834C32A51FC412D200F4E503 /* BDropTitleView.h */ = {isa = PBXFileReference; fileEncoding = 4; lastKnownFileType = sourcecode.c.h; path = BDropTitleView.h; sourceTree = "<group>"; };
		834C32A61FC412D200F4E503 /* BDropMenu.h */ = {isa = PBXFileReference; fileEncoding = 4; lastKnownFileType = sourcecode.c.h; path = BDropMenu.h; sourceTree = "<group>"; };
		834C32A71FC412D200F4E503 /* UIPopoverCustomBackgroundView.m */ = {isa = PBXFileReference; fileEncoding = 4; lastKnownFileType = sourcecode.c.objc; path = UIPopoverCustomBackgroundView.m; sourceTree = "<group>"; };
		834C32A81FC412D200F4E503 /* XUIWebView.h */ = {isa = PBXFileReference; fileEncoding = 4; lastKnownFileType = sourcecode.c.h; path = XUIWebView.h; sourceTree = "<group>"; };
		834C32A91FC412D200F4E503 /* XUILabel.m */ = {isa = PBXFileReference; fileEncoding = 4; lastKnownFileType = sourcecode.c.objc; path = XUILabel.m; sourceTree = "<group>"; };
		834C32AA1FC412D200F4E503 /* BProgressBar.h */ = {isa = PBXFileReference; fileEncoding = 4; lastKnownFileType = sourcecode.c.h; path = BProgressBar.h; sourceTree = "<group>"; };
		834C32AB1FC412D200F4E503 /* BIndicator.h */ = {isa = PBXFileReference; fileEncoding = 4; lastKnownFileType = sourcecode.c.h; path = BIndicator.h; sourceTree = "<group>"; };
		834C32AC1FC412D200F4E503 /* BPhotoScrollView.m */ = {isa = PBXFileReference; fileEncoding = 4; lastKnownFileType = sourcecode.c.objc; path = BPhotoScrollView.m; sourceTree = "<group>"; };
		834C32AD1FC412D200F4E503 /* XScrollView.h */ = {isa = PBXFileReference; fileEncoding = 4; lastKnownFileType = sourcecode.c.h; path = XScrollView.h; sourceTree = "<group>"; };
		834C32AE1FC412D200F4E503 /* UIButton+x.h */ = {isa = PBXFileReference; fileEncoding = 4; lastKnownFileType = sourcecode.c.h; path = "UIButton+x.h"; sourceTree = "<group>"; };
		834C32AF1FC412D200F4E503 /* HTabBarView.h */ = {isa = PBXFileReference; fileEncoding = 4; lastKnownFileType = sourcecode.c.h; path = HTabBarView.h; sourceTree = "<group>"; };
		834C32B01FC412D200F4E503 /* TableCell.h */ = {isa = PBXFileReference; fileEncoding = 4; lastKnownFileType = sourcecode.c.h; path = TableCell.h; sourceTree = "<group>"; };
		834C32B11FC412D200F4E503 /* XUIView.m */ = {isa = PBXFileReference; fileEncoding = 4; lastKnownFileType = sourcecode.c.objc; path = XUIView.m; sourceTree = "<group>"; };
		834C32B21FC412D200F4E503 /* XUIImageView.h */ = {isa = PBXFileReference; fileEncoding = 4; lastKnownFileType = sourcecode.c.h; path = XUIImageView.h; sourceTree = "<group>"; };
		834C32B31FC412D200F4E503 /* VTabBarView.m */ = {isa = PBXFileReference; fileEncoding = 4; lastKnownFileType = sourcecode.c.objc; path = VTabBarView.m; sourceTree = "<group>"; };
		834C32B41FC412D200F4E503 /* BImageView.m */ = {isa = PBXFileReference; fileEncoding = 4; lastKnownFileType = sourcecode.c.objc; path = BImageView.m; sourceTree = "<group>"; };
		834C32B51FC412D200F4E503 /* BToolBar.m */ = {isa = PBXFileReference; fileEncoding = 4; lastKnownFileType = sourcecode.c.objc; path = BToolBar.m; sourceTree = "<group>"; };
		834C32B61FC412D200F4E503 /* TableView.h */ = {isa = PBXFileReference; fileEncoding = 4; lastKnownFileType = sourcecode.c.h; path = TableView.h; sourceTree = "<group>"; };
		834C32B71FC412D200F4E503 /* UIPopoverCustomBackgroundView.h */ = {isa = PBXFileReference; fileEncoding = 4; lastKnownFileType = sourcecode.c.h; path = UIPopoverCustomBackgroundView.h; sourceTree = "<group>"; };
		834C32B81FC412D200F4E503 /* XUIWebView.m */ = {isa = PBXFileReference; fileEncoding = 4; lastKnownFileType = sourcecode.c.objc; path = XUIWebView.m; sourceTree = "<group>"; };
		834C32B91FC412D200F4E503 /* BDropTitleView.m */ = {isa = PBXFileReference; fileEncoding = 4; lastKnownFileType = sourcecode.c.objc; path = BDropTitleView.m; sourceTree = "<group>"; };
		834C32BA1FC412D200F4E503 /* BDropMenu.m */ = {isa = PBXFileReference; fileEncoding = 4; lastKnownFileType = sourcecode.c.objc; path = BDropMenu.m; sourceTree = "<group>"; };
		834C32BB1FC412D200F4E503 /* BLineView.h */ = {isa = PBXFileReference; fileEncoding = 4; lastKnownFileType = sourcecode.c.h; path = BLineView.h; sourceTree = "<group>"; };
		834C32BC1FC412D200F4E503 /* XUIControl.h */ = {isa = PBXFileReference; fileEncoding = 4; lastKnownFileType = sourcecode.c.h; path = XUIControl.h; sourceTree = "<group>"; };
		834C32BD1FC412D200F4E503 /* XScrollView.m */ = {isa = PBXFileReference; fileEncoding = 4; lastKnownFileType = sourcecode.c.objc; path = XScrollView.m; sourceTree = "<group>"; };
		834C32BE1FC412D200F4E503 /* BPhotoScrollView.h */ = {isa = PBXFileReference; fileEncoding = 4; lastKnownFileType = sourcecode.c.h; path = BPhotoScrollView.h; sourceTree = "<group>"; };
		834C32BF1FC412D200F4E503 /* XUILabel.h */ = {isa = PBXFileReference; fileEncoding = 4; lastKnownFileType = sourcecode.c.h; path = XUILabel.h; sourceTree = "<group>"; };
		834C32C01FC412D200F4E503 /* BProgressBar.m */ = {isa = PBXFileReference; fileEncoding = 4; lastKnownFileType = sourcecode.c.objc; path = BProgressBar.m; sourceTree = "<group>"; };
		834C32C11FC412D200F4E503 /* BIndicator.m */ = {isa = PBXFileReference; fileEncoding = 4; lastKnownFileType = sourcecode.c.objc; path = BIndicator.m; sourceTree = "<group>"; };
		834C32C21FC412D200F4E503 /* XUIView.h */ = {isa = PBXFileReference; fileEncoding = 4; lastKnownFileType = sourcecode.c.h; path = XUIView.h; sourceTree = "<group>"; };
		834C32C31FC412D200F4E503 /* TableCell.m */ = {isa = PBXFileReference; fileEncoding = 4; lastKnownFileType = sourcecode.c.objc; path = TableCell.m; sourceTree = "<group>"; };
		834C32C41FC412D200F4E503 /* HTabBarView.m */ = {isa = PBXFileReference; fileEncoding = 4; lastKnownFileType = sourcecode.c.objc; path = HTabBarView.m; sourceTree = "<group>"; };
		834C32C51FC412D200F4E503 /* UIButton+x.m */ = {isa = PBXFileReference; fileEncoding = 4; lastKnownFileType = sourcecode.c.objc; path = "UIButton+x.m"; sourceTree = "<group>"; };
		834C32C61FC412D200F4E503 /* TableView.m */ = {isa = PBXFileReference; fileEncoding = 4; lastKnownFileType = sourcecode.c.objc; path = TableView.m; sourceTree = "<group>"; };
		834C32C71FC412D200F4E503 /* BToolBar.h */ = {isa = PBXFileReference; fileEncoding = 4; lastKnownFileType = sourcecode.c.h; path = BToolBar.h; sourceTree = "<group>"; };
		834C32C81FC412D200F4E503 /* BImageView.h */ = {isa = PBXFileReference; fileEncoding = 4; lastKnownFileType = sourcecode.c.h; path = BImageView.h; sourceTree = "<group>"; };
		834C32C91FC412D200F4E503 /* XUIImageView.m */ = {isa = PBXFileReference; fileEncoding = 4; lastKnownFileType = sourcecode.c.objc; path = XUIImageView.m; sourceTree = "<group>"; };
		834C32CA1FC412D200F4E503 /* VTabBarView.h */ = {isa = PBXFileReference; fileEncoding = 4; lastKnownFileType = sourcecode.c.h; path = VTabBarView.h; sourceTree = "<group>"; };
		834C32CB1FC412D200F4E503 /* BKKitDao.h */ = {isa = PBXFileReference; fileEncoding = 4; lastKnownFileType = sourcecode.c.h; path = BKKitDao.h; sourceTree = "<group>"; };
		834C32CD1FC412D200F4E503 /* BApi.m */ = {isa = PBXFileReference; fileEncoding = 4; lastKnownFileType = sourcecode.c.objc; path = BApi.m; sourceTree = "<group>"; };
		834C32CE1FC412D200F4E503 /* AppContext.h */ = {isa = PBXFileReference; fileEncoding = 4; lastKnownFileType = sourcecode.c.h; path = AppContext.h; sourceTree = "<group>"; };
		834C32CF1FC412D200F4E503 /* Device.h */ = {isa = PBXFileReference; fileEncoding = 4; lastKnownFileType = sourcecode.c.h; path = Device.h; sourceTree = "<group>"; };
		834C32D01FC412D200F4E503 /* Global.h */ = {isa = PBXFileReference; fileEncoding = 4; lastKnownFileType = sourcecode.c.h; path = Global.h; sourceTree = "<group>"; };
		834C32D11FC412D200F4E503 /* default.api.plist */ = {isa = PBXFileReference; fileEncoding = 4; lastKnownFileType = text.plist.xml; path = default.api.plist; sourceTree = "<group>"; };
		834C32D21FC412D200F4E503 /* AppBaseDelegate.h */ = {isa = PBXFileReference; fileEncoding = 4; lastKnownFileType = sourcecode.c.h; path = AppBaseDelegate.h; sourceTree = "<group>"; };
		834C32D31FC412D200F4E503 /* default.conf.plist */ = {isa = PBXFileReference; fileEncoding = 4; lastKnownFileType = text.plist.xml; path = default.conf.plist; sourceTree = "<group>"; };
		834C32D41FC412D200F4E503 /* BApi.h */ = {isa = PBXFileReference; fileEncoding = 4; lastKnownFileType = sourcecode.c.h; path = BApi.h; sourceTree = "<group>"; };
		834C32D51FC412D200F4E503 /* AppContext.m */ = {isa = PBXFileReference; fileEncoding = 4; lastKnownFileType = sourcecode.c.objc; path = AppContext.m; sourceTree = "<group>"; };
		834C32D61FC412D200F4E503 /* Device.m */ = {isa = PBXFileReference; fileEncoding = 4; lastKnownFileType = sourcecode.c.objc; path = Device.m; sourceTree = "<group>"; };
		834C32D71FC412D200F4E503 /* Global.m */ = {isa = PBXFileReference; fileEncoding = 4; lastKnownFileType = sourcecode.c.objc; path = Global.m; sourceTree = "<group>"; };
		834C32D81FC412D200F4E503 /* AppBaseDelegate.m */ = {isa = PBXFileReference; fileEncoding = 4; lastKnownFileType = sourcecode.c.objc; path = AppBaseDelegate.m; sourceTree = "<group>"; };
		834C32D91FC412D200F4E503 /* BKKitCategory.h */ = {isa = PBXFileReference; fileEncoding = 4; lastKnownFileType = sourcecode.c.h; path = BKKitCategory.h; sourceTree = "<group>"; };
		834C32DB1FC412D200F4E503 /* Base64.h */ = {isa = PBXFileReference; fileEncoding = 4; lastKnownFileType = sourcecode.c.h; path = Base64.h; sourceTree = "<group>"; };
		834C32DC1FC412D200F4E503 /* CacheURLProtocol.h */ = {isa = PBXFileReference; fileEncoding = 4; lastKnownFileType = sourcecode.c.h; path = CacheURLProtocol.h; sourceTree = "<group>"; };
		834C32DD1FC412D200F4E503 /* CacheURLProtocol.m */ = {isa = PBXFileReference; fileEncoding = 4; lastKnownFileType = sourcecode.c.objc; path = CacheURLProtocol.m; sourceTree = "<group>"; };
		834C32DE1FC412D200F4E503 /* Base64.m */ = {isa = PBXFileReference; fileEncoding = 4; lastKnownFileType = sourcecode.c.objc; path = Base64.m; sourceTree = "<group>"; };
		834C32DF1FC412D200F4E503 /* Base64Defines.h */ = {isa = PBXFileReference; fileEncoding = 4; lastKnownFileType = sourcecode.c.h; path = Base64Defines.h; sourceTree = "<group>"; };
		834C32E01FC412D200F4E503 /* BKKitHttp.h */ = {isa = PBXFileReference; fileEncoding = 4; lastKnownFileType = sourcecode.c.h; path = BKKitHttp.h; sourceTree = "<group>"; };
		834C32E21FC412D200F4E503 /* Group.m */ = {isa = PBXFileReference; fileEncoding = 4; lastKnownFileType = sourcecode.c.objc; path = Group.m; sourceTree = "<group>"; };
		834C32E31FC412D200F4E503 /* BEnumerator.h */ = {isa = PBXFileReference; fileEncoding = 4; lastKnownFileType = sourcecode.c.h; path = BEnumerator.h; sourceTree = "<group>"; };
		834C32E41FC412D200F4E503 /* Group.h */ = {isa = PBXFileReference; fileEncoding = 4; lastKnownFileType = sourcecode.c.h; path = Group.h; sourceTree = "<group>"; };
		834C32E51FC412D200F4E503 /* BEnumerator.m */ = {isa = PBXFileReference; fileEncoding = 4; lastKnownFileType = sourcecode.c.objc; path = BEnumerator.m; sourceTree = "<group>"; };
		834C32E71FC412D200F4E503 /* NetChecker.h */ = {isa = PBXFileReference; fileEncoding = 4; lastKnownFileType = sourcecode.c.h; path = NetChecker.h; sourceTree = "<group>"; };
		834C32E81FC412D200F4E503 /* NetChecker.m */ = {isa = PBXFileReference; fileEncoding = 4; lastKnownFileType = sourcecode.c.objc; path = NetChecker.m; sourceTree = "<group>"; };
		834C32EA1FC412D200F4E503 /* db.plist */ = {isa = PBXFileReference; fileEncoding = 4; lastKnownFileType = text.plist.xml; path = db.plist; sourceTree = "<group>"; };
		834C32EB1FC412D200F4E503 /* BQueue.m */ = {isa = PBXFileReference; fileEncoding = 4; lastKnownFileType = sourcecode.c.objc; path = BQueue.m; sourceTree = "<group>"; };
		834C32EC1FC412D200F4E503 /* Dao.m */ = {isa = PBXFileReference; fileEncoding = 4; lastKnownFileType = sourcecode.c.objc; path = Dao.m; sourceTree = "<group>"; };
		834C32ED1FC412D200F4E503 /* DBCache.h */ = {isa = PBXFileReference; fileEncoding = 4; lastKnownFileType = sourcecode.c.h; path = DBCache.h; sourceTree = "<group>"; };
		834C32EE1FC412D200F4E503 /* Dao.h */ = {isa = PBXFileReference; fileEncoding = 4; lastKnownFileType = sourcecode.c.h; path = Dao.h; sourceTree = "<group>"; };
		834C32EF1FC412D200F4E503 /* BQueue.h */ = {isa = PBXFileReference; fileEncoding = 4; lastKnownFileType = sourcecode.c.h; path = BQueue.h; sourceTree = "<group>"; };
		834C32F01FC412D200F4E503 /* DBCache.m */ = {isa = PBXFileReference; fileEncoding = 4; lastKnownFileType = sourcecode.c.objc; path = DBCache.m; sourceTree = "<group>"; };
		834C32F21FC412D200F4E503 /* Utils.h */ = {isa = PBXFileReference; fileEncoding = 4; lastKnownFileType = sourcecode.c.h; path = Utils.h; sourceTree = "<group>"; };
		834C32F31FC412D200F4E503 /* pinyin.h */ = {isa = PBXFileReference; fileEncoding = 4; lastKnownFileType = sourcecode.c.h; path = pinyin.h; sourceTree = "<group>"; };
		834C32F41FC412D200F4E503 /* UIUtils.h */ = {isa = PBXFileReference; fileEncoding = 4; lastKnownFileType = sourcecode.c.h; path = UIUtils.h; sourceTree = "<group>"; };
		834C32F51FC412D200F4E503 /* Utils.m */ = {isa = PBXFileReference; fileEncoding = 4; lastKnownFileType = sourcecode.c.objc; path = Utils.m; sourceTree = "<group>"; };
		834C32F61FC412D200F4E503 /* pinyin.c */ = {isa = PBXFileReference; fileEncoding = 4; lastKnownFileType = sourcecode.c.c; path = pinyin.c; sourceTree = "<group>"; };
		834C32F71FC412D200F4E503 /* UIUtils.m */ = {isa = PBXFileReference; fileEncoding = 4; lastKnownFileType = sourcecode.c.objc; path = UIUtils.m; sourceTree = "<group>"; };
		834C32F81FC412D200F4E503 /* BKKitExt.h */ = {isa = PBXFileReference; fileEncoding = 4; lastKnownFileType = sourcecode.c.h; path = BKKitExt.h; sourceTree = "<group>"; };
		834C32F91FC412D200F4E503 /* BKKitCtx.h */ = {isa = PBXFileReference; fileEncoding = 4; lastKnownFileType = sourcecode.c.h; path = BKKitCtx.h; sourceTree = "<group>"; };
		834C32FB1FC412D200F4E503 /* UINavigationController+x.m */ = {isa = PBXFileReference; fileEncoding = 4; lastKnownFileType = sourcecode.c.objc; path = "UINavigationController+x.m"; sourceTree = "<group>"; };
		834C32FC1FC412D200F4E503 /* TabBarMoreViewController.h */ = {isa = PBXFileReference; fileEncoding = 4; lastKnownFileType = sourcecode.c.h; path = TabBarMoreViewController.h; sourceTree = "<group>"; };
		834C32FD1FC412D200F4E503 /* BaseTableViewController.m */ = {isa = PBXFileReference; fileEncoding = 4; lastKnownFileType = sourcecode.c.objc; path = BaseTableViewController.m; sourceTree = "<group>"; };
		834C32FE1FC412D200F4E503 /* BaseViewController.m */ = {isa = PBXFileReference; fileEncoding = 4; lastKnownFileType = sourcecode.c.objc; path = BaseViewController.m; sourceTree = "<group>"; };
		834C32FF1FC412D200F4E503 /* SettingBaseViewController.m */ = {isa = PBXFileReference; fileEncoding = 4; lastKnownFileType = sourcecode.c.objc; path = SettingBaseViewController.m; sourceTree = "<group>"; };
		834C33001FC412D200F4E503 /* XUIViewController.m */ = {isa = PBXFileReference; fileEncoding = 4; lastKnownFileType = sourcecode.c.objc; path = XUIViewController.m; sourceTree = "<group>"; };
		834C33011FC412D200F4E503 /* BrowserController.m */ = {isa = PBXFileReference; fileEncoding = 4; lastKnownFileType = sourcecode.c.objc; path = BrowserController.m; sourceTree = "<group>"; };
		834C33021FC412D200F4E503 /* UIViewController+x.m */ = {isa = PBXFileReference; fileEncoding = 4; lastKnownFileType = sourcecode.c.objc; path = "UIViewController+x.m"; sourceTree = "<group>"; };
		834C33031FC412D200F4E503 /* UINavigationController+x.h */ = {isa = PBXFileReference; fileEncoding = 4; lastKnownFileType = sourcecode.c.h; path = "UINavigationController+x.h"; sourceTree = "<group>"; };
		834C33041FC412D200F4E503 /* BaseTableViewController.h */ = {isa = PBXFileReference; fileEncoding = 4; lastKnownFileType = sourcecode.c.h; path = BaseTableViewController.h; sourceTree = "<group>"; };
		834C33051FC412D200F4E503 /* TabBarMoreViewController.m */ = {isa = PBXFileReference; fileEncoding = 4; lastKnownFileType = sourcecode.c.objc; path = TabBarMoreViewController.m; sourceTree = "<group>"; };
		834C33061FC412D200F4E503 /* BrowserController.h */ = {isa = PBXFileReference; fileEncoding = 4; lastKnownFileType = sourcecode.c.h; path = BrowserController.h; sourceTree = "<group>"; };
		834C33071FC412D200F4E503 /* XUIViewController.h */ = {isa = PBXFileReference; fileEncoding = 4; lastKnownFileType = sourcecode.c.h; path = XUIViewController.h; sourceTree = "<group>"; };
		834C33081FC412D200F4E503 /* SettingBaseViewController.h */ = {isa = PBXFileReference; fileEncoding = 4; lastKnownFileType = sourcecode.c.h; path = SettingBaseViewController.h; sourceTree = "<group>"; };
		834C33091FC412D200F4E503 /* BaseViewController.h */ = {isa = PBXFileReference; fileEncoding = 4; lastKnownFileType = sourcecode.c.h; path = BaseViewController.h; sourceTree = "<group>"; };
		834C330A1FC412D200F4E503 /* UIViewController+x.h */ = {isa = PBXFileReference; fileEncoding = 4; lastKnownFileType = sourcecode.c.h; path = "UIViewController+x.h"; sourceTree = "<group>"; };
		834C330C1FC412D200F4E503 /* CalloutMapAnnotationView.h */ = {isa = PBXFileReference; fileEncoding = 4; lastKnownFileType = sourcecode.c.h; path = CalloutMapAnnotationView.h; sourceTree = "<group>"; };
		834C330D1FC412D200F4E503 /* BCalloutMapAnnotationView.m */ = {isa = PBXFileReference; fileEncoding = 4; lastKnownFileType = sourcecode.c.objc; path = BCalloutMapAnnotationView.m; sourceTree = "<group>"; };
		834C330E1FC412D200F4E503 /* BMapLocation.m */ = {isa = PBXFileReference; fileEncoding = 4; lastKnownFileType = sourcecode.c.objc; path = BMapLocation.m; sourceTree = "<group>"; };
		834C330F1FC412D200F4E503 /* BMapPlace.m */ = {isa = PBXFileReference; fileEncoding = 4; lastKnownFileType = sourcecode.c.objc; path = BMapPlace.m; sourceTree = "<group>"; };
		834C33101FC412D200F4E503 /* BMapAnnotation.h */ = {isa = PBXFileReference; fileEncoding = 4; lastKnownFileType = sourcecode.c.h; path = BMapAnnotation.h; sourceTree = "<group>"; };
		834C33111FC412D200F4E503 /* MKMapView+x.h */ = {isa = PBXFileReference; fileEncoding = 4; lastKnownFileType = sourcecode.c.h; path = "MKMapView+x.h"; sourceTree = "<group>"; };
		834C33121FC412D200F4E503 /* BCalloutMapAnnotationView.h */ = {isa = PBXFileReference; fileEncoding = 4; lastKnownFileType = sourcecode.c.h; path = BCalloutMapAnnotationView.h; sourceTree = "<group>"; };
		834C33131FC412D200F4E503 /* CalloutMapAnnotationView.m */ = {isa = PBXFileReference; fileEncoding = 4; lastKnownFileType = sourcecode.c.objc; path = CalloutMapAnnotationView.m; sourceTree = "<group>"; };
		834C33141FC412D200F4E503 /* BMapLocation.h */ = {isa = PBXFileReference; fileEncoding = 4; lastKnownFileType = sourcecode.c.h; path = BMapLocation.h; sourceTree = "<group>"; };
		834C33151FC412D200F4E503 /* BMapPlace.h */ = {isa = PBXFileReference; fileEncoding = 4; lastKnownFileType = sourcecode.c.h; path = BMapPlace.h; sourceTree = "<group>"; };
		834C33161FC412D200F4E503 /* MKMapView+x.m */ = {isa = PBXFileReference; fileEncoding = 4; lastKnownFileType = sourcecode.c.objc; path = "MKMapView+x.m"; sourceTree = "<group>"; };
		834C33171FC412D200F4E503 /* BMapAnnotation.m */ = {isa = PBXFileReference; fileEncoding = 4; lastKnownFileType = sourcecode.c.objc; path = BMapAnnotation.m; sourceTree = "<group>"; };
		834C33181FC412D200F4E503 /* BKKitBase.h */ = {isa = PBXFileReference; fileEncoding = 4; lastKnownFileType = sourcecode.c.h; path = BKKitBase.h; sourceTree = "<group>"; };
		834C331A1FC412D200F4E503 /* Theme.h */ = {isa = PBXFileReference; fileEncoding = 4; lastKnownFileType = sourcecode.c.h; path = Theme.h; sourceTree = "<group>"; };
		834C331B1FC412D200F4E503 /* GString.m */ = {isa = PBXFileReference; fileEncoding = 4; lastKnownFileType = sourcecode.c.objc; path = GString.m; sourceTree = "<group>"; };
		834C331C1FC412D200F4E503 /* default.theme.plist */ = {isa = PBXFileReference; fileEncoding = 4; lastKnownFileType = text.plist.xml; path = default.theme.plist; sourceTree = "<group>"; };
		834C331D1FC412D200F4E503 /* default.string.plist */ = {isa = PBXFileReference; fileEncoding = 4; lastKnownFileType = text.plist.xml; path = default.string.plist; sourceTree = "<group>"; };
		834C331E1FC412D200F4E503 /* Theme.m */ = {isa = PBXFileReference; fileEncoding = 4; lastKnownFileType = sourcecode.c.objc; path = Theme.m; sourceTree = "<group>"; };
		834C331F1FC412D200F4E503 /* GString.h */ = {isa = PBXFileReference; fileEncoding = 4; lastKnownFileType = sourcecode.c.h; path = GString.h; sourceTree = "<group>"; };
		834C33201FC412D200F4E503 /* BKKitUI.h */ = {isa = PBXFileReference; fileEncoding = 4; lastKnownFileType = sourcecode.c.h; path = BKKitUI.h; sourceTree = "<group>"; };
		834C33221FC412D200F4E503 /* Model.m */ = {isa = PBXFileReference; fileEncoding = 4; lastKnownFileType = sourcecode.c.objc; path = Model.m; sourceTree = "<group>"; };
		834C33241FC412D200F4E503 /* Application.h */ = {isa = PBXFileReference; fileEncoding = 4; lastKnownFileType = sourcecode.c.h; path = Application.h; sourceTree = "<group>"; };
		834C33251FC412D200F4E503 /* Application.m */ = {isa = PBXFileReference; fileEncoding = 4; lastKnownFileType = sourcecode.c.objc; path = Application.m; sourceTree = "<group>"; };
		834C33271FC412D200F4E503 /* BUser.h */ = {isa = PBXFileReference; fileEncoding = 4; lastKnownFileType = sourcecode.c.h; path = BUser.h; sourceTree = "<group>"; };
		834C33281FC412D200F4E503 /* BUser.m */ = {isa = PBXFileReference; fileEncoding = 4; lastKnownFileType = sourcecode.c.objc; path = BUser.m; sourceTree = "<group>"; };
		834C33291FC412D200F4E503 /* Model.h */ = {isa = PBXFileReference; fileEncoding = 4; lastKnownFileType = sourcecode.c.h; path = Model.h; sourceTree = "<group>"; };
		834C332C1FC412D200F4E503 /* UIWebView+x.h */ = {isa = PBXFileReference; fileEncoding = 4; lastKnownFileType = sourcecode.c.h; path = "UIWebView+x.h"; sourceTree = "<group>"; };
		834C332D1FC412D200F4E503 /* NSDate+x.h */ = {isa = PBXFileReference; fileEncoding = 4; lastKnownFileType = sourcecode.c.h; path = "NSDate+x.h"; sourceTree = "<group>"; };
		834C332E1FC412D200F4E503 /* UIColor+x.m */ = {isa = PBXFileReference; fileEncoding = 4; lastKnownFileType = sourcecode.c.objc; path = "UIColor+x.m"; sourceTree = "<group>"; };
		834C332F1FC412D200F4E503 /* NSNull+x.h */ = {isa = PBXFileReference; fileEncoding = 4; lastKnownFileType = sourcecode.c.h; path = "NSNull+x.h"; sourceTree = "<group>"; };
		834C33301FC412D200F4E503 /* UIWindow+x.h */ = {isa = PBXFileReference; fileEncoding = 4; lastKnownFileType = sourcecode.c.h; path = "UIWindow+x.h"; sourceTree = "<group>"; };
		834C33311FC412D200F4E503 /* NSData+x.h */ = {isa = PBXFileReference; fileEncoding = 4; lastKnownFileType = sourcecode.c.h; path = "NSData+x.h"; sourceTree = "<group>"; };
		834C33321FC412D200F4E503 /* UIImagePickerController+camera.h */ = {isa = PBXFileReference; fileEncoding = 4; lastKnownFileType = sourcecode.c.h; path = "UIImagePickerController+camera.h"; sourceTree = "<group>"; };
		834C33331FC412D200F4E503 /* NSDictionary+x.m */ = {isa = PBXFileReference; fileEncoding = 4; lastKnownFileType = sourcecode.c.objc; path = "NSDictionary+x.m"; sourceTree = "<group>"; };
		834C33341FC412D200F4E503 /* UIActionSheet+x.m */ = {isa = PBXFileReference; fileEncoding = 4; lastKnownFileType = sourcecode.c.objc; path = "UIActionSheet+x.m"; sourceTree = "<group>"; };
		834C33351FC412D200F4E503 /* NSString+x.m */ = {isa = PBXFileReference; fileEncoding = 4; lastKnownFileType = sourcecode.c.objc; path = "NSString+x.m"; sourceTree = "<group>"; };
		834C33361FC412D200F4E503 /* NSThread+x.m */ = {isa = PBXFileReference; fileEncoding = 4; lastKnownFileType = sourcecode.c.objc; path = "NSThread+x.m"; sourceTree = "<group>"; };
		834C33371FC412D200F4E503 /* UINavigationBar+x.h */ = {isa = PBXFileReference; fileEncoding = 4; lastKnownFileType = sourcecode.c.h; path = "UINavigationBar+x.h"; sourceTree = "<group>"; };
		834C33381FC412D200F4E503 /* UIImage+x.m */ = {isa = PBXFileReference; fileEncoding = 4; lastKnownFileType = sourcecode.c.objc; path = "UIImage+x.m"; sourceTree = "<group>"; };
		834C33391FC412D200F4E503 /* NSArray+x.h */ = {isa = PBXFileReference; fileEncoding = 4; lastKnownFileType = sourcecode.c.h; path = "NSArray+x.h"; sourceTree = "<group>"; };
		834C333A1FC412D200F4E503 /* UITabBarController+x.h */ = {isa = PBXFileReference; fileEncoding = 4; lastKnownFileType = sourcecode.c.h; path = "UITabBarController+x.h"; sourceTree = "<group>"; };
		834C333B1FC412D200F4E503 /* NSMutableData+x.h */ = {isa = PBXFileReference; fileEncoding = 4; lastKnownFileType = sourcecode.c.h; path = "NSMutableData+x.h"; sourceTree = "<group>"; };
		834C333C1FC412D200F4E503 /* UIImageView+cache.m */ = {isa = PBXFileReference; fileEncoding = 4; lastKnownFileType = sourcecode.c.objc; path = "UIImageView+cache.m"; sourceTree = "<group>"; };
		834C333D1FC412D200F4E503 /* NSURLSessionTask+x.m */ = {isa = PBXFileReference; fileEncoding = 4; lastKnownFileType = sourcecode.c.objc; path = "NSURLSessionTask+x.m"; sourceTree = "<group>"; };
		834C333E1FC412D200F4E503 /* UIColor+x.h */ = {isa = PBXFileReference; fileEncoding = 4; lastKnownFileType = sourcecode.c.h; path = "UIColor+x.h"; sourceTree = "<group>"; };
		834C333F1FC412D200F4E503 /* NSNull+x.m */ = {isa = PBXFileReference; fileEncoding = 4; lastKnownFileType = sourcecode.c.objc; path = "NSNull+x.m"; sourceTree = "<group>"; };
		834C33401FC412D200F4E503 /* NSDate+x.m */ = {isa = PBXFileReference; fileEncoding = 4; lastKnownFileType = sourcecode.c.objc; path = "NSDate+x.m"; sourceTree = "<group>"; };
		834C33411FC412D200F4E503 /* UIWebView+x.m */ = {isa = PBXFileReference; fileEncoding = 4; lastKnownFileType = sourcecode.c.objc; path = "UIWebView+x.m"; sourceTree = "<group>"; };
		834C33421FC412D200F4E503 /* NSString+x.h */ = {isa = PBXFileReference; fileEncoding = 4; lastKnownFileType = sourcecode.c.h; path = "NSString+x.h"; sourceTree = "<group>"; };
		834C33431FC412D200F4E503 /* UIActionSheet+x.h */ = {isa = PBXFileReference; fileEncoding = 4; lastKnownFileType = sourcecode.c.h; path = "UIActionSheet+x.h"; sourceTree = "<group>"; };
		834C33441FC412D200F4E503 /* UIImagePickerController+camera.m */ = {isa = PBXFileReference; fileEncoding = 4; lastKnownFileType = sourcecode.c.objc; path = "UIImagePickerController+camera.m"; sourceTree = "<group>"; };
		834C33451FC412D200F4E503 /* NSDictionary+x.h */ = {isa = PBXFileReference; fileEncoding = 4; lastKnownFileType = sourcecode.c.h; path = "NSDictionary+x.h"; sourceTree = "<group>"; };
		834C33461FC412D200F4E503 /* NSData+x.m */ = {isa = PBXFileReference; fileEncoding = 4; lastKnownFileType = sourcecode.c.objc; path = "NSData+x.m"; sourceTree = "<group>"; };
		834C33471FC412D200F4E503 /* UIWindow+x.m */ = {isa = PBXFileReference; fileEncoding = 4; lastKnownFileType = sourcecode.c.objc; path = "UIWindow+x.m"; sourceTree = "<group>"; };
		834C33481FC412D200F4E503 /* UITabBarController+x.m */ = {isa = PBXFileReference; fileEncoding = 4; lastKnownFileType = sourcecode.c.objc; path = "UITabBarController+x.m"; sourceTree = "<group>"; };
		834C33491FC412D200F4E503 /* NSArray+x.m */ = {isa = PBXFileReference; fileEncoding = 4; lastKnownFileType = sourcecode.c.objc; path = "NSArray+x.m"; sourceTree = "<group>"; };
		834C334A1FC412D200F4E503 /* UIImage+x.h */ = {isa = PBXFileReference; fileEncoding = 4; lastKnownFileType = sourcecode.c.h; path = "UIImage+x.h"; sourceTree = "<group>"; };
		834C334B1FC412D200F4E503 /* UINavigationBar+x.m */ = {isa = PBXFileReference; fileEncoding = 4; lastKnownFileType = sourcecode.c.objc; path = "UINavigationBar+x.m"; sourceTree = "<group>"; };
		834C334C1FC412D200F4E503 /* NSThread+x.h */ = {isa = PBXFileReference; fileEncoding = 4; lastKnownFileType = sourcecode.c.h; path = "NSThread+x.h"; sourceTree = "<group>"; };
		834C334D1FC412D200F4E503 /* NSURLSessionTask+x.h */ = {isa = PBXFileReference; fileEncoding = 4; lastKnownFileType = sourcecode.c.h; path = "NSURLSessionTask+x.h"; sourceTree = "<group>"; };
		834C334E1FC412D200F4E503 /* UIImageView+cache.h */ = {isa = PBXFileReference; fileEncoding = 4; lastKnownFileType = sourcecode.c.h; path = "UIImageView+cache.h"; sourceTree = "<group>"; };
		834C334F1FC412D200F4E503 /* NSMutableData+x.m */ = {isa = PBXFileReference; fileEncoding = 4; lastKnownFileType = sourcecode.c.objc; path = "NSMutableData+x.m"; sourceTree = "<group>"; };
		834C33521FC412D200F4E503 /* BehaviorTracker.m */ = {isa = PBXFileReference; fileEncoding = 4; lastKnownFileType = sourcecode.c.objc; path = BehaviorTracker.m; sourceTree = "<group>"; };
		834C33531FC412D200F4E503 /* BehaviorTracker.h */ = {isa = PBXFileReference; fileEncoding = 4; lastKnownFileType = sourcecode.c.h; path = BehaviorTracker.h; sourceTree = "<group>"; };
		834C33551FC412D200F4E503 /* BHttpRequestManager+Deprecated.h */ = {isa = PBXFileReference; fileEncoding = 4; lastKnownFileType = sourcecode.c.h; path = "BHttpRequestManager+Deprecated.h"; sourceTree = "<group>"; };
		834C33561FC412D200F4E503 /* BHttpRequestManager.m */ = {isa = PBXFileReference; fileEncoding = 4; lastKnownFileType = sourcecode.c.objc; path = BHttpRequestManager.m; sourceTree = "<group>"; };
		834C33571FC412D200F4E503 /* BHttpRequestOperation.m */ = {isa = PBXFileReference; fileEncoding = 4; lastKnownFileType = sourcecode.c.objc; path = BHttpRequestOperation.m; sourceTree = "<group>"; };
		834C33581FC412D200F4E503 /* HttpResponse.m */ = {isa = PBXFileReference; fileEncoding = 4; lastKnownFileType = sourcecode.c.objc; path = HttpResponse.m; sourceTree = "<group>"; };
		834C33591FC412D200F4E503 /* BHttpRequestCacheHandler.h */ = {isa = PBXFileReference; fileEncoding = 4; lastKnownFileType = sourcecode.c.h; path = BHttpRequestCacheHandler.h; sourceTree = "<group>"; };
		834C335A1FC412D200F4E503 /* BHttpRequestQueue.m */ = {isa = PBXFileReference; fileEncoding = 4; lastKnownFileType = sourcecode.c.objc; path = BHttpRequestQueue.m; sourceTree = "<group>"; };
		834C335B1FC412D200F4E503 /* BHttpRequestManager.h */ = {isa = PBXFileReference; fileEncoding = 4; lastKnownFileType = sourcecode.c.h; path = BHttpRequestManager.h; sourceTree = "<group>"; };
		834C335C1FC412D200F4E503 /* BHttpRequestManager+Deprecated.m */ = {isa = PBXFileReference; fileEncoding = 4; lastKnownFileType = sourcecode.c.objc; path = "BHttpRequestManager+Deprecated.m"; sourceTree = "<group>"; };
		834C335D1FC412D200F4E503 /* BHttpRequestQueue.h */ = {isa = PBXFileReference; fileEncoding = 4; lastKnownFileType = sourcecode.c.h; path = BHttpRequestQueue.h; sourceTree = "<group>"; };
		834C335E1FC412D200F4E503 /* BHttpRequestCacheHandler.m */ = {isa = PBXFileReference; fileEncoding = 4; lastKnownFileType = sourcecode.c.objc; path = BHttpRequestCacheHandler.m; sourceTree = "<group>"; };
		834C335F1FC412D200F4E503 /* HttpResponse.h */ = {isa = PBXFileReference; fileEncoding = 4; lastKnownFileType = sourcecode.c.h; path = HttpResponse.h; sourceTree = "<group>"; };
		834C33601FC412D200F4E503 /* BHttpRequestOperation.h */ = {isa = PBXFileReference; fileEncoding = 4; lastKnownFileType = sourcecode.c.h; path = BHttpRequestOperation.h; sourceTree = "<group>"; };
		83F074A21FC4009100E6CA23 /* libBKKit.a */ = {isa = PBXFileReference; explicitFileType = archive.ar; includeInIndex = 0; path = libBKKit.a; sourceTree = BUILT_PRODUCTS_DIR; };
		83F074A51FC4009100E6CA23 /* BKKit.h */ = {isa = PBXFileReference; lastKnownFileType = sourcecode.c.h; path = BKKit.h; sourceTree = "<group>"; };
		83F074A61FC4009100E6CA23 /* BKKit.m */ = {isa = PBXFileReference; lastKnownFileType = sourcecode.c.objc; path = BKKit.m; sourceTree = "<group>"; };
		A393BB1A25CBA843413D5CAC /* Pods-BKKit.release.xcconfig */ = {isa = PBXFileReference; includeInIndex = 1; lastKnownFileType = text.xcconfig; name = "Pods-BKKit.release.xcconfig"; path = "Pods/Target Support Files/Pods-BKKit/Pods-BKKit.release.xcconfig"; sourceTree = "<group>"; };
		C2737C55DC4AD284A5ED3888 /* libPods-BKKit.a */ = {isa = PBXFileReference; explicitFileType = archive.ar; includeInIndex = 0; path = "libPods-BKKit.a"; sourceTree = BUILT_PRODUCTS_DIR; };
/* End PBXFileReference section */

/* Begin PBXFrameworksBuildPhase section */
		83F0749F1FC4009100E6CA23 /* Frameworks */ = {
			isa = PBXFrameworksBuildPhase;
			buildActionMask = 2147483647;
			files = (
				BBDE25DD90F314FEC1F0283B /* libPods-BKKit.a in Frameworks */,
			);
			runOnlyForDeploymentPostprocessing = 0;
		};
/* End PBXFrameworksBuildPhase section */

/* Begin PBXGroup section */
		30D14B95F8C1C4FE733598B7 /* Pods */ = {
			isa = PBXGroup;
			children = (
				2E400F526385A286E8582A38 /* Pods-BKKit.debug.xcconfig */,
				A393BB1A25CBA843413D5CAC /* Pods-BKKit.release.xcconfig */,
			);
			name = Pods;
			sourceTree = "<group>";
		};
		834C32A11FC412D200F4E503 /* modules */ = {
			isa = PBXGroup;
			children = (
				834C33181FC412D200F4E503 /* BKKitBase.h */,
				834C32D91FC412D200F4E503 /* BKKitCategory.h */,
				834C32F91FC412D200F4E503 /* BKKitCtx.h */,
				834C32CB1FC412D200F4E503 /* BKKitDao.h */,
				834C32F81FC412D200F4E503 /* BKKitExt.h */,
				834C32E01FC412D200F4E503 /* BKKitHttp.h */,
				834C33201FC412D200F4E503 /* BKKitUI.h */,
				834C32CC1FC412D200F4E503 /* app */,
				834C332B1FC412D200F4E503 /* categories */,
				834C32FA1FC412D200F4E503 /* controller */,
				834C32E91FC412D200F4E503 /* dao */,
				834C32E11FC412D200F4E503 /* ext */,
				834C330B1FC412D200F4E503 /* map */,
				834C33211FC412D200F4E503 /* model */,
				834C32E61FC412D200F4E503 /* network */,
				834C33191FC412D200F4E503 /* theme */,
				834C32A21FC412D200F4E503 /* ui */,
				834C32F11FC412D200F4E503 /* utils */,
				834C33501FC412D200F4E503 /* vendor */,
				834C32DA1FC412D200F4E503 /* web */,
			);
			path = modules;
			sourceTree = "<group>";
		};
		834C32A21FC412D200F4E503 /* ui */ = {
			isa = PBXGroup;
			children = (
				834C32A61FC412D200F4E503 /* BDropMenu.h */,
				834C32BA1FC412D200F4E503 /* BDropMenu.m */,
				834C32A51FC412D200F4E503 /* BDropTitleView.h */,
				834C32B91FC412D200F4E503 /* BDropTitleView.m */,
				834C32C81FC412D200F4E503 /* BImageView.h */,
				834C32B41FC412D200F4E503 /* BImageView.m */,
				834C32AB1FC412D200F4E503 /* BIndicator.h */,
				834C32C11FC412D200F4E503 /* BIndicator.m */,
				834C32BB1FC412D200F4E503 /* BLineView.h */,
				834C32A41FC412D200F4E503 /* BLineView.m */,
				834C32BE1FC412D200F4E503 /* BPhotoScrollView.h */,
				834C32AC1FC412D200F4E503 /* BPhotoScrollView.m */,
				834C32AA1FC412D200F4E503 /* BProgressBar.h */,
				834C32C01FC412D200F4E503 /* BProgressBar.m */,
				834C32C71FC412D200F4E503 /* BToolBar.h */,
				834C32B51FC412D200F4E503 /* BToolBar.m */,
				834C32AF1FC412D200F4E503 /* HTabBarView.h */,
				834C32C41FC412D200F4E503 /* HTabBarView.m */,
				834C32B01FC412D200F4E503 /* TableCell.h */,
				834C32C31FC412D200F4E503 /* TableCell.m */,
				834C32B61FC412D200F4E503 /* TableView.h */,
				834C32C61FC412D200F4E503 /* TableView.m */,
				834C32AE1FC412D200F4E503 /* UIButton+x.h */,
				834C32C51FC412D200F4E503 /* UIButton+x.m */,
				834C32B71FC412D200F4E503 /* UIPopoverCustomBackgroundView.h */,
				834C32A71FC412D200F4E503 /* UIPopoverCustomBackgroundView.m */,
				834C32CA1FC412D200F4E503 /* VTabBarView.h */,
				834C32B31FC412D200F4E503 /* VTabBarView.m */,
				834C32AD1FC412D200F4E503 /* XScrollView.h */,
				834C32BD1FC412D200F4E503 /* XScrollView.m */,
				834C32BC1FC412D200F4E503 /* XUIControl.h */,
				834C32A31FC412D200F4E503 /* XUIControl.m */,
				834C32B21FC412D200F4E503 /* XUIImageView.h */,
				834C32C91FC412D200F4E503 /* XUIImageView.m */,
				834C32BF1FC412D200F4E503 /* XUILabel.h */,
				834C32A91FC412D200F4E503 /* XUILabel.m */,
				834C32C21FC412D200F4E503 /* XUIView.h */,
				834C32B11FC412D200F4E503 /* XUIView.m */,
				834C32A81FC412D200F4E503 /* XUIWebView.h */,
				834C32B81FC412D200F4E503 /* XUIWebView.m */,
			);
			path = ui;
			sourceTree = "<group>";
		};
		834C32CC1FC412D200F4E503 /* app */ = {
			isa = PBXGroup;
			children = (
				834C32D21FC412D200F4E503 /* AppBaseDelegate.h */,
				834C32D81FC412D200F4E503 /* AppBaseDelegate.m */,
				834C32CE1FC412D200F4E503 /* AppContext.h */,
				834C32D51FC412D200F4E503 /* AppContext.m */,
				834C32D41FC412D200F4E503 /* BApi.h */,
				834C32CD1FC412D200F4E503 /* BApi.m */,
				834C32D11FC412D200F4E503 /* default.api.plist */,
				834C32D31FC412D200F4E503 /* default.conf.plist */,
				834C32CF1FC412D200F4E503 /* Device.h */,
				834C32D61FC412D200F4E503 /* Device.m */,
				834C32D01FC412D200F4E503 /* Global.h */,
				834C32D71FC412D200F4E503 /* Global.m */,
			);
			path = app;
			sourceTree = "<group>";
		};
		834C32DA1FC412D200F4E503 /* web */ = {
			isa = PBXGroup;
			children = (
				834C32DB1FC412D200F4E503 /* Base64.h */,
				834C32DE1FC412D200F4E503 /* Base64.m */,
				834C32DF1FC412D200F4E503 /* Base64Defines.h */,
				834C32DC1FC412D200F4E503 /* CacheURLProtocol.h */,
				834C32DD1FC412D200F4E503 /* CacheURLProtocol.m */,
			);
			path = web;
			sourceTree = "<group>";
		};
		834C32E11FC412D200F4E503 /* ext */ = {
			isa = PBXGroup;
			children = (
				834C32E31FC412D200F4E503 /* BEnumerator.h */,
				834C32E51FC412D200F4E503 /* BEnumerator.m */,
				834C32E41FC412D200F4E503 /* Group.h */,
				834C32E21FC412D200F4E503 /* Group.m */,
			);
			path = ext;
			sourceTree = "<group>";
		};
		834C32E61FC412D200F4E503 /* network */ = {
			isa = PBXGroup;
			children = (
				834C32E71FC412D200F4E503 /* NetChecker.h */,
				834C32E81FC412D200F4E503 /* NetChecker.m */,
			);
			path = network;
			sourceTree = "<group>";
		};
		834C32E91FC412D200F4E503 /* dao */ = {
			isa = PBXGroup;
			children = (
				834C32EF1FC412D200F4E503 /* BQueue.h */,
				834C32EB1FC412D200F4E503 /* BQueue.m */,
				834C32EE1FC412D200F4E503 /* Dao.h */,
				834C32EC1FC412D200F4E503 /* Dao.m */,
				834C32EA1FC412D200F4E503 /* db.plist */,
				834C32ED1FC412D200F4E503 /* DBCache.h */,
				834C32F01FC412D200F4E503 /* DBCache.m */,
			);
			path = dao;
			sourceTree = "<group>";
		};
		834C32F11FC412D200F4E503 /* utils */ = {
			isa = PBXGroup;
			children = (
				834C32F61FC412D200F4E503 /* pinyin.c */,
				834C32F31FC412D200F4E503 /* pinyin.h */,
				834C32F41FC412D200F4E503 /* UIUtils.h */,
				834C32F71FC412D200F4E503 /* UIUtils.m */,
				834C32F21FC412D200F4E503 /* Utils.h */,
				834C32F51FC412D200F4E503 /* Utils.m */,
			);
			path = utils;
			sourceTree = "<group>";
		};
		834C32FA1FC412D200F4E503 /* controller */ = {
			isa = PBXGroup;
			children = (
				834C33041FC412D200F4E503 /* BaseTableViewController.h */,
				834C32FD1FC412D200F4E503 /* BaseTableViewController.m */,
				834C33091FC412D200F4E503 /* BaseViewController.h */,
				834C32FE1FC412D200F4E503 /* BaseViewController.m */,
				834C33061FC412D200F4E503 /* BrowserController.h */,
				834C33011FC412D200F4E503 /* BrowserController.m */,
				834C33081FC412D200F4E503 /* SettingBaseViewController.h */,
				834C32FF1FC412D200F4E503 /* SettingBaseViewController.m */,
				834C32FC1FC412D200F4E503 /* TabBarMoreViewController.h */,
				834C33051FC412D200F4E503 /* TabBarMoreViewController.m */,
				834C33031FC412D200F4E503 /* UINavigationController+x.h */,
				834C32FB1FC412D200F4E503 /* UINavigationController+x.m */,
				834C330A1FC412D200F4E503 /* UIViewController+x.h */,
				834C33021FC412D200F4E503 /* UIViewController+x.m */,
				834C33071FC412D200F4E503 /* XUIViewController.h */,
				834C33001FC412D200F4E503 /* XUIViewController.m */,
			);
			path = controller;
			sourceTree = "<group>";
		};
		834C330B1FC412D200F4E503 /* map */ = {
			isa = PBXGroup;
			children = (
				834C33121FC412D200F4E503 /* BCalloutMapAnnotationView.h */,
				834C330D1FC412D200F4E503 /* BCalloutMapAnnotationView.m */,
				834C33101FC412D200F4E503 /* BMapAnnotation.h */,
				834C33171FC412D200F4E503 /* BMapAnnotation.m */,
				834C33141FC412D200F4E503 /* BMapLocation.h */,
				834C330E1FC412D200F4E503 /* BMapLocation.m */,
				834C33151FC412D200F4E503 /* BMapPlace.h */,
				834C330F1FC412D200F4E503 /* BMapPlace.m */,
				834C330C1FC412D200F4E503 /* CalloutMapAnnotationView.h */,
				834C33131FC412D200F4E503 /* CalloutMapAnnotationView.m */,
				834C33111FC412D200F4E503 /* MKMapView+x.h */,
				834C33161FC412D200F4E503 /* MKMapView+x.m */,
			);
			path = map;
			sourceTree = "<group>";
		};
		834C33191FC412D200F4E503 /* theme */ = {
			isa = PBXGroup;
			children = (
				834C331D1FC412D200F4E503 /* default.string.plist */,
				834C331C1FC412D200F4E503 /* default.theme.plist */,
				834C331F1FC412D200F4E503 /* GString.h */,
				834C331B1FC412D200F4E503 /* GString.m */,
				834C331A1FC412D200F4E503 /* Theme.h */,
				834C331E1FC412D200F4E503 /* Theme.m */,
			);
			path = theme;
			sourceTree = "<group>";
		};
		834C33211FC412D200F4E503 /* model */ = {
			isa = PBXGroup;
			children = (
				834C33231FC412D200F4E503 /* app */,
				834C33261FC412D200F4E503 /* member */,
				834C33291FC412D200F4E503 /* Model.h */,
				834C33221FC412D200F4E503 /* Model.m */,
			);
			path = model;
			sourceTree = "<group>";
		};
		834C33231FC412D200F4E503 /* app */ = {
			isa = PBXGroup;
			children = (
				834C33241FC412D200F4E503 /* Application.h */,
				834C33251FC412D200F4E503 /* Application.m */,
			);
			path = app;
			sourceTree = "<group>";
		};
		834C33261FC412D200F4E503 /* member */ = {
			isa = PBXGroup;
			children = (
				834C33271FC412D200F4E503 /* BUser.h */,
				834C33281FC412D200F4E503 /* BUser.m */,
			);
			path = member;
			sourceTree = "<group>";
		};
		834C332B1FC412D200F4E503 /* categories */ = {
			isa = PBXGroup;
			children = (
				834C33391FC412D200F4E503 /* NSArray+x.h */,
				834C33491FC412D200F4E503 /* NSArray+x.m */,
				834C33311FC412D200F4E503 /* NSData+x.h */,
				834C33461FC412D200F4E503 /* NSData+x.m */,
				834C332D1FC412D200F4E503 /* NSDate+x.h */,
				834C33401FC412D200F4E503 /* NSDate+x.m */,
				834C33451FC412D200F4E503 /* NSDictionary+x.h */,
				834C33331FC412D200F4E503 /* NSDictionary+x.m */,
				834C333B1FC412D200F4E503 /* NSMutableData+x.h */,
				834C334F1FC412D200F4E503 /* NSMutableData+x.m */,
				834C332F1FC412D200F4E503 /* NSNull+x.h */,
				834C333F1FC412D200F4E503 /* NSNull+x.m */,
				834C33421FC412D200F4E503 /* NSString+x.h */,
				834C33351FC412D200F4E503 /* NSString+x.m */,
				834C334C1FC412D200F4E503 /* NSThread+x.h */,
				834C33361FC412D200F4E503 /* NSThread+x.m */,
				834C334D1FC412D200F4E503 /* NSURLSessionTask+x.h */,
				834C333D1FC412D200F4E503 /* NSURLSessionTask+x.m */,
				834C33431FC412D200F4E503 /* UIActionSheet+x.h */,
				834C33341FC412D200F4E503 /* UIActionSheet+x.m */,
				834C333E1FC412D200F4E503 /* UIColor+x.h */,
				834C332E1FC412D200F4E503 /* UIColor+x.m */,
				834C334A1FC412D200F4E503 /* UIImage+x.h */,
				834C33381FC412D200F4E503 /* UIImage+x.m */,
				834C33321FC412D200F4E503 /* UIImagePickerController+camera.h */,
				834C33441FC412D200F4E503 /* UIImagePickerController+camera.m */,
				834C334E1FC412D200F4E503 /* UIImageView+cache.h */,
				834C333C1FC412D200F4E503 /* UIImageView+cache.m */,
				834C33371FC412D200F4E503 /* UINavigationBar+x.h */,
				834C334B1FC412D200F4E503 /* UINavigationBar+x.m */,
				834C333A1FC412D200F4E503 /* UITabBarController+x.h */,
				834C33481FC412D200F4E503 /* UITabBarController+x.m */,
				834C332C1FC412D200F4E503 /* UIWebView+x.h */,
				834C33411FC412D200F4E503 /* UIWebView+x.m */,
				834C33301FC412D200F4E503 /* UIWindow+x.h */,
				834C33471FC412D200F4E503 /* UIWindow+x.m */,
			);
			path = categories;
			sourceTree = "<group>";
		};
		834C33501FC412D200F4E503 /* vendor */ = {
			isa = PBXGroup;
			children = (
				834C33511FC412D200F4E503 /* tracker */,
				834C33541FC412D200F4E503 /* AFNetworking */,
			);
			path = vendor;
			sourceTree = "<group>";
		};
		834C33511FC412D200F4E503 /* tracker */ = {
			isa = PBXGroup;
			children = (
				834C33531FC412D200F4E503 /* BehaviorTracker.h */,
				834C33521FC412D200F4E503 /* BehaviorTracker.m */,
			);
			path = tracker;
			sourceTree = "<group>";
		};
		834C33541FC412D200F4E503 /* AFNetworking */ = {
			isa = PBXGroup;
			children = (
				834C33591FC412D200F4E503 /* BHttpRequestCacheHandler.h */,
				834C335E1FC412D200F4E503 /* BHttpRequestCacheHandler.m */,
				834C335B1FC412D200F4E503 /* BHttpRequestManager.h */,
				834C33561FC412D200F4E503 /* BHttpRequestManager.m */,
				834C33551FC412D200F4E503 /* BHttpRequestManager+Deprecated.h */,
				834C335C1FC412D200F4E503 /* BHttpRequestManager+Deprecated.m */,
				834C33601FC412D200F4E503 /* BHttpRequestOperation.h */,
				834C33571FC412D200F4E503 /* BHttpRequestOperation.m */,
				834C335D1FC412D200F4E503 /* BHttpRequestQueue.h */,
				834C335A1FC412D200F4E503 /* BHttpRequestQueue.m */,
				834C335F1FC412D200F4E503 /* HttpResponse.h */,
				834C33581FC412D200F4E503 /* HttpResponse.m */,
			);
			path = AFNetworking;
			sourceTree = "<group>";
		};
		83F074991FC4009100E6CA23 = {
			isa = PBXGroup;
			children = (
				83F074A41FC4009100E6CA23 /* BKKit */,
				83F074A31FC4009100E6CA23 /* Products */,
				30D14B95F8C1C4FE733598B7 /* Pods */,
				B58B44355165E24F312EEB04 /* Frameworks */,
			);
			sourceTree = "<group>";
		};
		83F074A31FC4009100E6CA23 /* Products */ = {
			isa = PBXGroup;
			children = (
				83F074A21FC4009100E6CA23 /* libBKKit.a */,
			);
			name = Products;
			sourceTree = "<group>";
		};
		83F074A41FC4009100E6CA23 /* BKKit */ = {
			isa = PBXGroup;
			children = (
				83F074A51FC4009100E6CA23 /* BKKit.h */,
				83F074A61FC4009100E6CA23 /* BKKit.m */,
				834C32A11FC412D200F4E503 /* modules */,
			);
			path = BKKit;
			sourceTree = "<group>";
		};
		B58B44355165E24F312EEB04 /* Frameworks */ = {
			isa = PBXGroup;
			children = (
				C2737C55DC4AD284A5ED3888 /* libPods-BKKit.a */,
			);
			name = Frameworks;
			sourceTree = "<group>";
		};
/* End PBXGroup section */

/* Begin PBXNativeTarget section */
		83F074A11FC4009100E6CA23 /* BKKit */ = {
			isa = PBXNativeTarget;
			buildConfigurationList = 83F074AB1FC4009100E6CA23 /* Build configuration list for PBXNativeTarget "BKKit" */;
			buildPhases = (
				94B9955284B3E4DB55E33B60 /* [CP] Check Pods Manifest.lock */,
				83F0749E1FC4009100E6CA23 /* Sources */,
				83F0749F1FC4009100E6CA23 /* Frameworks */,
				83F074A01FC4009100E6CA23 /* CopyFiles */,
				BCC35CACA51FC050D9CD0059 /* [CP] Copy Pods Resources */,
			);
			buildRules = (
			);
			dependencies = (
			);
			name = BKKit;
			productName = BKKit;
			productReference = 83F074A21FC4009100E6CA23 /* libBKKit.a */;
			productType = "com.apple.product-type.library.static";
		};
/* End PBXNativeTarget section */

/* Begin PBXProject section */
		83F0749A1FC4009100E6CA23 /* Project object */ = {
			isa = PBXProject;
			attributes = {
				LastUpgradeCheck = 0910;
				ORGANIZATIONNAME = baboy;
				TargetAttributes = {
					83F074A11FC4009100E6CA23 = {
						CreatedOnToolsVersion = 9.1;
						ProvisioningStyle = Automatic;
					};
				};
			};
			buildConfigurationList = 83F0749D1FC4009100E6CA23 /* Build configuration list for PBXProject "BKKit" */;
			compatibilityVersion = "Xcode 8.0";
			developmentRegion = en;
			hasScannedForEncodings = 0;
			knownRegions = (
				en,
			);
			mainGroup = 83F074991FC4009100E6CA23;
			productRefGroup = 83F074A31FC4009100E6CA23 /* Products */;
			projectDirPath = "";
			projectRoot = "";
			targets = (
				83F074A11FC4009100E6CA23 /* BKKit */,
			);
		};
/* End PBXProject section */

/* Begin PBXShellScriptBuildPhase section */
		94B9955284B3E4DB55E33B60 /* [CP] Check Pods Manifest.lock */ = {
			isa = PBXShellScriptBuildPhase;
			buildActionMask = 2147483647;
			files = (
			);
			inputPaths = (
				"${PODS_PODFILE_DIR_PATH}/Podfile.lock",
				"${PODS_ROOT}/Manifest.lock",
			);
			name = "[CP] Check Pods Manifest.lock";
			outputPaths = (
				"$(DERIVED_FILE_DIR)/Pods-BKKit-checkManifestLockResult.txt",
			);
			runOnlyForDeploymentPostprocessing = 0;
			shellPath = /bin/sh;
			shellScript = "diff \"${PODS_PODFILE_DIR_PATH}/Podfile.lock\" \"${PODS_ROOT}/Manifest.lock\" > /dev/null\nif [ $? != 0 ] ; then\n    # print error to STDERR\n    echo \"error: The sandbox is not in sync with the Podfile.lock. Run 'pod install' or update your CocoaPods installation.\" >&2\n    exit 1\nfi\n# This output is used by Xcode 'outputs' to avoid re-running this script phase.\necho \"SUCCESS\" > \"${SCRIPT_OUTPUT_FILE_0}\"\n";
			showEnvVarsInLog = 0;
		};
		BCC35CACA51FC050D9CD0059 /* [CP] Copy Pods Resources */ = {
			isa = PBXShellScriptBuildPhase;
			buildActionMask = 2147483647;
			files = (
			);
			inputPaths = (
			);
			name = "[CP] Copy Pods Resources";
			outputPaths = (
			);
			runOnlyForDeploymentPostprocessing = 0;
			shellPath = /bin/sh;
			shellScript = "\"${SRCROOT}/Pods/Target Support Files/Pods-BKKit/Pods-BKKit-resources.sh\"\n";
			showEnvVarsInLog = 0;
		};
/* End PBXShellScriptBuildPhase section */

/* Begin PBXSourcesBuildPhase section */
		83F0749E1FC4009100E6CA23 /* Sources */ = {
			isa = PBXSourcesBuildPhase;
			buildActionMask = 2147483647;
			files = (
				834C33A31FC412D200F4E503 /* UIImagePickerController+camera.m in Sources */,
				834C33A71FC412D200F4E503 /* NSArray+x.m in Sources */,
				834C33AB1FC412D200F4E503 /* BHttpRequestManager.m in Sources */,
				834C33801FC412D200F4E503 /* Dao.m in Sources */,
				834C33871FC412D200F4E503 /* BaseViewController.m in Sources */,
				834C337B1FC412D200F4E503 /* Base64.m in Sources */,
				834C33691FC412D200F4E503 /* BToolBar.m in Sources */,
				834C33721FC412D200F4E503 /* UIButton+x.m in Sources */,
				834C33881FC412D200F4E503 /* SettingBaseViewController.m in Sources */,
				834C339C1FC412D200F4E503 /* NSThread+x.m in Sources */,
				834C33AF1FC412D200F4E503 /* BHttpRequestManager+Deprecated.m in Sources */,
				834C338C1FC412D200F4E503 /* TabBarMoreViewController.m in Sources */,
				834C33921FC412D200F4E503 /* BMapAnnotation.m in Sources */,
				834C33941FC412D200F4E503 /* Theme.m in Sources */,
				834C33711FC412D200F4E503 /* HTabBarView.m in Sources */,
				834C33A11FC412D200F4E503 /* NSDate+x.m in Sources */,
				834C33771FC412D200F4E503 /* Device.m in Sources */,
				834C33971FC412D200F4E503 /* BUser.m in Sources */,
				834C33AC1FC412D200F4E503 /* BHttpRequestOperation.m in Sources */,
				834C33901FC412D200F4E503 /* CalloutMapAnnotationView.m in Sources */,
				834C339D1FC412D200F4E503 /* UIImage+x.m in Sources */,
				834C33991FC412D200F4E503 /* NSDictionary+x.m in Sources */,
				834C33641FC412D200F4E503 /* XUILabel.m in Sources */,
				834C33A91FC412D200F4E503 /* NSMutableData+x.m in Sources */,
				834C337E1FC412D200F4E503 /* NetChecker.m in Sources */,
				834C339A1FC412D200F4E503 /* UIActionSheet+x.m in Sources */,
				834C338F1FC412D200F4E503 /* BMapPlace.m in Sources */,
				834C33981FC412D200F4E503 /* UIColor+x.m in Sources */,
				834C33AA1FC412D200F4E503 /* BehaviorTracker.m in Sources */,
				834C33931FC412D200F4E503 /* GString.m in Sources */,
				834C337D1FC412D200F4E503 /* BEnumerator.m in Sources */,
				834C33791FC412D200F4E503 /* AppBaseDelegate.m in Sources */,
				834C33611FC412D200F4E503 /* XUIControl.m in Sources */,
				834C337F1FC412D200F4E503 /* BQueue.m in Sources */,
				834C336B1FC412D200F4E503 /* BDropTitleView.m in Sources */,
				834C33951FC412D200F4E503 /* Model.m in Sources */,
				834C338B1FC412D200F4E503 /* UIViewController+x.m in Sources */,
				834C339F1FC412D200F4E503 /* NSURLSessionTask+x.m in Sources */,
				834C337A1FC412D200F4E503 /* CacheURLProtocol.m in Sources */,
				834C336C1FC412D200F4E503 /* BDropMenu.m in Sources */,
				834C336E1FC412D200F4E503 /* BProgressBar.m in Sources */,
				834C339B1FC412D200F4E503 /* NSString+x.m in Sources */,
				834C336F1FC412D200F4E503 /* BIndicator.m in Sources */,
				834C33891FC412D200F4E503 /* XUIViewController.m in Sources */,
				834C33A51FC412D200F4E503 /* UIWindow+x.m in Sources */,
				834C33961FC412D200F4E503 /* Application.m in Sources */,
				834C339E1FC412D200F4E503 /* UIImageView+cache.m in Sources */,
				834C33A81FC412D200F4E503 /* UINavigationBar+x.m in Sources */,
				834C337C1FC412D200F4E503 /* Group.m in Sources */,
				834C33A21FC412D200F4E503 /* UIWebView+x.m in Sources */,
				834C33681FC412D200F4E503 /* BImageView.m in Sources */,
				834C33911FC412D200F4E503 /* MKMapView+x.m in Sources */,
				834C33631FC412D200F4E503 /* UIPopoverCustomBackgroundView.m in Sources */,
				834C33A61FC412D200F4E503 /* UITabBarController+x.m in Sources */,
				834C33751FC412D200F4E503 /* BApi.m in Sources */,
				834C336A1FC412D200F4E503 /* XUIWebView.m in Sources */,
				834C33811FC412D200F4E503 /* DBCache.m in Sources */,
				834C338A1FC412D200F4E503 /* BrowserController.m in Sources */,
				834C33AE1FC412D200F4E503 /* BHttpRequestQueue.m in Sources */,
				834C336D1FC412D200F4E503 /* XScrollView.m in Sources */,
				834C33831FC412D200F4E503 /* pinyin.c in Sources */,
				834C33731FC412D200F4E503 /* TableView.m in Sources */,
				834C338D1FC412D200F4E503 /* BCalloutMapAnnotationView.m in Sources */,
				834C33A01FC412D200F4E503 /* NSNull+x.m in Sources */,
				834C33701FC412D200F4E503 /* TableCell.m in Sources */,
				834C33781FC412D200F4E503 /* Global.m in Sources */,
				834C338E1FC412D200F4E503 /* BMapLocation.m in Sources */,
				834C33A41FC412D200F4E503 /* NSData+x.m in Sources */,
				834C33841FC412D200F4E503 /* UIUtils.m in Sources */,
				834C33761FC412D200F4E503 /* AppContext.m in Sources */,
				834C33851FC412D200F4E503 /* UINavigationController+x.m in Sources */,
				83F074A71FC4009100E6CA23 /* BKKit.m in Sources */,
				834C33661FC412D200F4E503 /* XUIView.m in Sources */,
				834C33671FC412D200F4E503 /* VTabBarView.m in Sources */,
				834C33861FC412D200F4E503 /* BaseTableViewController.m in Sources */,
				834C33621FC412D200F4E503 /* BLineView.m in Sources */,
				834C33AD1FC412D200F4E503 /* HttpResponse.m in Sources */,
				834C33651FC412D200F4E503 /* BPhotoScrollView.m in Sources */,
				834C33821FC412D200F4E503 /* Utils.m in Sources */,
				834C33741FC412D200F4E503 /* XUIImageView.m in Sources */,
				834C33B01FC412D200F4E503 /* BHttpRequestCacheHandler.m in Sources */,
			);
			runOnlyForDeploymentPostprocessing = 0;
		};
/* End PBXSourcesBuildPhase section */

/* Begin XCBuildConfiguration section */
		83F074A91FC4009100E6CA23 /* Debug */ = {
			isa = XCBuildConfiguration;
			buildSettings = {
				ALWAYS_SEARCH_USER_PATHS = NO;
				CLANG_ANALYZER_NONNULL = YES;
				CLANG_ANALYZER_NUMBER_OBJECT_CONVERSION = YES_AGGRESSIVE;
				CLANG_CXX_LANGUAGE_STANDARD = "gnu++14";
				CLANG_CXX_LIBRARY = "libc++";
				CLANG_ENABLE_MODULES = YES;
				CLANG_ENABLE_OBJC_ARC = YES;
				CLANG_WARN_BLOCK_CAPTURE_AUTORELEASING = YES;
				CLANG_WARN_BOOL_CONVERSION = YES;
				CLANG_WARN_COMMA = YES;
				CLANG_WARN_CONSTANT_CONVERSION = YES;
				CLANG_WARN_DIRECT_OBJC_ISA_USAGE = YES_ERROR;
				CLANG_WARN_DOCUMENTATION_COMMENTS = YES;
				CLANG_WARN_EMPTY_BODY = YES;
				CLANG_WARN_ENUM_CONVERSION = YES;
				CLANG_WARN_INFINITE_RECURSION = YES;
				CLANG_WARN_INT_CONVERSION = YES;
				CLANG_WARN_NON_LITERAL_NULL_CONVERSION = YES;
				CLANG_WARN_OBJC_LITERAL_CONVERSION = YES;
				CLANG_WARN_OBJC_ROOT_CLASS = YES_ERROR;
				CLANG_WARN_RANGE_LOOP_ANALYSIS = YES;
				CLANG_WARN_STRICT_PROTOTYPES = YES;
				CLANG_WARN_SUSPICIOUS_MOVE = YES;
				CLANG_WARN_UNGUARDED_AVAILABILITY = YES_AGGRESSIVE;
				CLANG_WARN_UNREACHABLE_CODE = YES;
				CLANG_WARN__DUPLICATE_METHOD_MATCH = YES;
				CODE_SIGN_IDENTITY = "iPhone Developer";
				COPY_PHASE_STRIP = NO;
				DEBUG_INFORMATION_FORMAT = dwarf;
				ENABLE_STRICT_OBJC_MSGSEND = YES;
				ENABLE_TESTABILITY = YES;
				GCC_C_LANGUAGE_STANDARD = gnu11;
				GCC_DYNAMIC_NO_PIC = NO;
				GCC_NO_COMMON_BLOCKS = YES;
				GCC_OPTIMIZATION_LEVEL = 0;
				GCC_PREPROCESSOR_DEFINITIONS = (
					"DEBUG=1",
					"$(inherited)",
				);
				GCC_WARN_64_TO_32_BIT_CONVERSION = YES;
				GCC_WARN_ABOUT_RETURN_TYPE = YES_ERROR;
				GCC_WARN_UNDECLARED_SELECTOR = YES;
				GCC_WARN_UNINITIALIZED_AUTOS = YES_AGGRESSIVE;
				GCC_WARN_UNUSED_FUNCTION = YES;
				GCC_WARN_UNUSED_VARIABLE = YES;
				IPHONEOS_DEPLOYMENT_TARGET = 11.1;
				MTL_ENABLE_DEBUG_INFO = YES;
				ONLY_ACTIVE_ARCH = YES;
				SDKROOT = iphoneos;
			};
			name = Debug;
		};
		83F074AA1FC4009100E6CA23 /* Release */ = {
			isa = XCBuildConfiguration;
			buildSettings = {
				ALWAYS_SEARCH_USER_PATHS = NO;
				CLANG_ANALYZER_NONNULL = YES;
				CLANG_ANALYZER_NUMBER_OBJECT_CONVERSION = YES_AGGRESSIVE;
				CLANG_CXX_LANGUAGE_STANDARD = "gnu++14";
				CLANG_CXX_LIBRARY = "libc++";
				CLANG_ENABLE_MODULES = YES;
				CLANG_ENABLE_OBJC_ARC = YES;
				CLANG_WARN_BLOCK_CAPTURE_AUTORELEASING = YES;
				CLANG_WARN_BOOL_CONVERSION = YES;
				CLANG_WARN_COMMA = YES;
				CLANG_WARN_CONSTANT_CONVERSION = YES;
				CLANG_WARN_DIRECT_OBJC_ISA_USAGE = YES_ERROR;
				CLANG_WARN_DOCUMENTATION_COMMENTS = YES;
				CLANG_WARN_EMPTY_BODY = YES;
				CLANG_WARN_ENUM_CONVERSION = YES;
				CLANG_WARN_INFINITE_RECURSION = YES;
				CLANG_WARN_INT_CONVERSION = YES;
				CLANG_WARN_NON_LITERAL_NULL_CONVERSION = YES;
				CLANG_WARN_OBJC_LITERAL_CONVERSION = YES;
				CLANG_WARN_OBJC_ROOT_CLASS = YES_ERROR;
				CLANG_WARN_RANGE_LOOP_ANALYSIS = YES;
				CLANG_WARN_STRICT_PROTOTYPES = YES;
				CLANG_WARN_SUSPICIOUS_MOVE = YES;
				CLANG_WARN_UNGUARDED_AVAILABILITY = YES_AGGRESSIVE;
				CLANG_WARN_UNREACHABLE_CODE = YES;
				CLANG_WARN__DUPLICATE_METHOD_MATCH = YES;
				CODE_SIGN_IDENTITY = "iPhone Developer";
				COPY_PHASE_STRIP = NO;
				DEBUG_INFORMATION_FORMAT = "dwarf-with-dsym";
				ENABLE_NS_ASSERTIONS = NO;
				ENABLE_STRICT_OBJC_MSGSEND = YES;
				GCC_C_LANGUAGE_STANDARD = gnu11;
				GCC_NO_COMMON_BLOCKS = YES;
				GCC_WARN_64_TO_32_BIT_CONVERSION = YES;
				GCC_WARN_ABOUT_RETURN_TYPE = YES_ERROR;
				GCC_WARN_UNDECLARED_SELECTOR = YES;
				GCC_WARN_UNINITIALIZED_AUTOS = YES_AGGRESSIVE;
				GCC_WARN_UNUSED_FUNCTION = YES;
				GCC_WARN_UNUSED_VARIABLE = YES;
				IPHONEOS_DEPLOYMENT_TARGET = 11.1;
				MTL_ENABLE_DEBUG_INFO = NO;
				SDKROOT = iphoneos;
				VALIDATE_PRODUCT = YES;
			};
			name = Release;
		};
		83F074AC1FC4009100E6CA23 /* Debug */ = {
			isa = XCBuildConfiguration;
			baseConfigurationReference = 2E400F526385A286E8582A38 /* Pods-BKKit.debug.xcconfig */;
			buildSettings = {
				CODE_SIGN_STYLE = Automatic;
				DEVELOPMENT_TEAM = 75ZMZJPBEJ;
				OTHER_LDFLAGS = "-ObjC";
				PRODUCT_NAME = "$(TARGET_NAME)";
				SKIP_INSTALL = YES;
				TARGETED_DEVICE_FAMILY = "1,2";
			};
			name = Debug;
		};
		83F074AD1FC4009100E6CA23 /* Release */ = {
			isa = XCBuildConfiguration;
			baseConfigurationReference = A393BB1A25CBA843413D5CAC /* Pods-BKKit.release.xcconfig */;
			buildSettings = {
				CODE_SIGN_STYLE = Automatic;
				DEVELOPMENT_TEAM = 75ZMZJPBEJ;
				OTHER_LDFLAGS = "-ObjC";
				PRODUCT_NAME = "$(TARGET_NAME)";
				SKIP_INSTALL = YES;
				TARGETED_DEVICE_FAMILY = "1,2";
			};
			name = Release;
		};
/* End XCBuildConfiguration section */

/* Begin XCConfigurationList section */
		83F0749D1FC4009100E6CA23 /* Build configuration list for PBXProject "BKKit" */ = {
			isa = XCConfigurationList;
			buildConfigurations = (
				83F074A91FC4009100E6CA23 /* Debug */,
				83F074AA1FC4009100E6CA23 /* Release */,
			);
			defaultConfigurationIsVisible = 0;
			defaultConfigurationName = Release;
		};
		83F074AB1FC4009100E6CA23 /* Build configuration list for PBXNativeTarget "BKKit" */ = {
			isa = XCConfigurationList;
			buildConfigurations = (
				83F074AC1FC4009100E6CA23 /* Debug */,
				83F074AD1FC4009100E6CA23 /* Release */,
			);
			defaultConfigurationIsVisible = 0;
			defaultConfigurationName = Release;
		};
/* End XCConfigurationList section */
	};
	rootObject = 83F0749A1FC4009100E6CA23 /* Project object */;
}
